
Microsoft Visual Studio Solution File, Format Version 12.00
# Visual Studio 15
VisualStudioVersion = 15.0.27703.2035
MinimumVisualStudioVersion = 10.0.40219.1
Project("{FAE04EC0-301F-11D3-BF4B-00C04F79EFBC}") = "PrsServer", "PrsServer\PrsServer.csproj", "{F6F89BB4-504F-471C-929A-68F78B621A65}"
EndProject
Global
	GlobalSection(SolutionConfigurationPlatforms) = preSolution
		Debug|Any CPU = Debug|Any CPU
		Release|Any CPU = Release|Any CPU
	EndGlobalSection
	GlobalSection(ProjectConfigurationPlatforms) = postSolution
		{F6F89BB4-504F-471C-929A-68F78B621A65}.Debug|Any CPU.ActiveCfg = Debug|Any CPU
		{F6F89BB4-504F-471C-929A-68F78B621A65}.Debug|Any CPU.Build.0 = Debug|Any CPU
		{F6F89BB4-504F-471C-929A-68F78B621A65}.Release|Any CPU.ActiveCfg = Release|Any CPU
		{F6F89BB4-504F-471C-929A-68F78B621A65}.Release|Any CPU.Build.0 = Release|Any CPU
	EndGlobalSection
	GlobalSection(SolutionProperties) = preSolution
		HideSolutionNode = FALSE
	EndGlobalSection
	GlobalSection(ExtensibilityGlobals) = postSolution
		SolutionGuid = {4AB18440-BBC0-452E-9122-1E31817B2F62}
	EndGlobalSection
EndGlobal
